
Microsoft Visual Studio Solution File, Format Version 12.00
# Visual Studio 15
VisualStudioVersion = 15.0.27130.2020
MinimumVisualStudioVersion = 10.0.40219.1
Project("{FAE04EC0-301F-11D3-BF4B-00C04F79EFBC}") = "TestWebApp", "TestWebApp\TestWebApp.csproj", "{90680B17-4C3E-4AA0-8505-C34DBC6BE6EE}"
EndProject
Project("{FAE04EC0-301F-11D3-BF4B-00C04F79EFBC}") = "Repository", "Repository\Repository.csproj", "{9C87C69A-23D5-4C76-8F07-58CD1B6A7139}"
EndProject
Project("{FAE04EC0-301F-11D3-BF4B-00C04F79EFBC}") = "Services", "Services\Services.csproj", "{3EF8C4AD-A2B4-4DBB-BDB0-9DBF1F9DE2C5}"
EndProject
Project("{FAE04EC0-301F-11D3-BF4B-00C04F79EFBC}") = "Models", "Models\Models.csproj", "{2474F872-914D-424F-826E-AAE5561BE8F4}"
EndProject
Project("{FAE04EC0-301F-11D3-BF4B-00C04F79EFBC}") = "Services.Tests", "Services.Tests\Services.Tests.csproj", "{B210B52A-1BEB-44A6-9FA0-6B91F1526C67}"
EndProject
Global
	GlobalSection(SolutionConfigurationPlatforms) = preSolution
		Debug|Any CPU = Debug|Any CPU
		Release|Any CPU = Release|Any CPU
	EndGlobalSection
	GlobalSection(ProjectConfigurationPlatforms) = postSolution
		{90680B17-4C3E-4AA0-8505-C34DBC6BE6EE}.Debug|Any CPU.ActiveCfg = Debug|Any CPU
		{90680B17-4C3E-4AA0-8505-C34DBC6BE6EE}.Debug|Any CPU.Build.0 = Debug|Any CPU
		{90680B17-4C3E-4AA0-8505-C34DBC6BE6EE}.Release|Any CPU.ActiveCfg = Release|Any CPU
		{90680B17-4C3E-4AA0-8505-C34DBC6BE6EE}.Release|Any CPU.Build.0 = Release|Any CPU
		{9C87C69A-23D5-4C76-8F07-58CD1B6A7139}.Debug|Any CPU.ActiveCfg = Debug|Any CPU
		{9C87C69A-23D5-4C76-8F07-58CD1B6A7139}.Debug|Any CPU.Build.0 = Debug|Any CPU
		{9C87C69A-23D5-4C76-8F07-58CD1B6A7139}.Release|Any CPU.ActiveCfg = Release|Any CPU
		{9C87C69A-23D5-4C76-8F07-58CD1B6A7139}.Release|Any CPU.Build.0 = Release|Any CPU
		{3EF8C4AD-A2B4-4DBB-BDB0-9DBF1F9DE2C5}.Debug|Any CPU.ActiveCfg = Debug|Any CPU
		{3EF8C4AD-A2B4-4DBB-BDB0-9DBF1F9DE2C5}.Debug|Any CPU.Build.0 = Debug|Any CPU
		{3EF8C4AD-A2B4-4DBB-BDB0-9DBF1F9DE2C5}.Release|Any CPU.ActiveCfg = Release|Any CPU
		{3EF8C4AD-A2B4-4DBB-BDB0-9DBF1F9DE2C5}.Release|Any CPU.Build.0 = Release|Any CPU
		{2474F872-914D-424F-826E-AAE5561BE8F4}.Debug|Any CPU.ActiveCfg = Debug|Any CPU
		{2474F872-914D-424F-826E-AAE5561BE8F4}.Debug|Any CPU.Build.0 = Debug|Any CPU
		{2474F872-914D-424F-826E-AAE5561BE8F4}.Release|Any CPU.ActiveCfg = Release|Any CPU
		{2474F872-914D-424F-826E-AAE5561BE8F4}.Release|Any CPU.Build.0 = Release|Any CPU
		{B210B52A-1BEB-44A6-9FA0-6B91F1526C67}.Debug|Any CPU.ActiveCfg = Debug|Any CPU
		{B210B52A-1BEB-44A6-9FA0-6B91F1526C67}.Debug|Any CPU.Build.0 = Debug|Any CPU
		{B210B52A-1BEB-44A6-9FA0-6B91F1526C67}.Release|Any CPU.ActiveCfg = Release|Any CPU
		{B210B52A-1BEB-44A6-9FA0-6B91F1526C67}.Release|Any CPU.Build.0 = Release|Any CPU
	EndGlobalSection
	GlobalSection(SolutionProperties) = preSolution
		HideSolutionNode = FALSE
	EndGlobalSection
	GlobalSection(ExtensibilityGlobals) = postSolution
		SolutionGuid = {9F63CA68-7ADB-4B0D-B2C4-35C17562752A}
	EndGlobalSection
EndGlobal
